# This file is automatically @generated by Cargo.
# It is not intended for manual editing.
version = 3

[[package]]
name = "book"
version = "0.1.0"
dependencies = [
 "boxing",
]

[[package]]
name = "boxing"
version = "0.1.2"
source = "registry+https://github.com/rust-lang/crates.io-index"
checksum = "7a817f12ef805b34fe1565bea00630d84f8f08bf26200b05c41456c77cdada88"
dependencies = [
 "sptr",
]

[[package]]
name = "sptr"
version = "0.3.2"
source = "registry+https://github.com/rust-lang/crates.io-index"
checksum = "3b9b39299b249ad65f3b7e96443bad61c02ca5cd3589f46cb6d610a0fd6c0d6a"
